# This file is automatically @generated by Cargo.
# It is not intended for manual editing.
version = 4

[[package]]
name = "glam"
version = "0.33.5"
source = "registry+https://github.com/rust-lang/crates.io-index"
checksum = "c426daf70099baff33fac0ba85151c42424861c56828cef9ba02dacb78eb6b26"

[[package]]
name = "viture-v2"
version = "0.1.0"
dependencies = [
 "glam",
]
